
Microsoft Visual Studio Solution File, Format Version 12.00
# Visual Studio Version 17
VisualStudioVersion = 17.0.31903.59
MinimumVisualStudioVersion = 10.0.40219.1
Project("{FAE04EC0-301F-11D3-BF4B-00C04F79EFBC}") = "HeatManagement", "HeatManagement\HeatManagement.csproj", "{0B81CF9F-6255-4D8D-98F5-19CDC2F8C4A5}"
EndProject
Project("{FAE04EC0-301F-11D3-BF4B-00C04F79EFBC}") = "HeatManagement.tests", "HeatManagement.tests\HeatManagement.tests.csproj", "{05D1B418-38D0-4806-8512-196089B5312B}"
EndProject
Global
	GlobalSection(SolutionConfigurationPlatforms) = preSolution
		Debug|Any CPU = Debug|Any CPU
		Release|Any CPU = Release|Any CPU
	EndGlobalSection
	GlobalSection(SolutionProperties) = preSolution
		HideSolutionNode = FALSE
	EndGlobalSection
	GlobalSection(ProjectConfigurationPlatforms) = postSolution
		{0B81CF9F-6255-4D8D-98F5-19CDC2F8C4A5}.Debug|Any CPU.ActiveCfg = Debug|Any CPU
		{0B81CF9F-6255-4D8D-98F5-19CDC2F8C4A5}.Debug|Any CPU.Build.0 = Debug|Any CPU
		{0B81CF9F-6255-4D8D-98F5-19CDC2F8C4A5}.Release|Any CPU.ActiveCfg = Release|Any CPU
		{0B81CF9F-6255-4D8D-98F5-19CDC2F8C4A5}.Release|Any CPU.Build.0 = Release|Any CPU
		{05D1B418-38D0-4806-8512-196089B5312B}.Debug|Any CPU.ActiveCfg = Debug|Any CPU
		{05D1B418-38D0-4806-8512-196089B5312B}.Debug|Any CPU.Build.0 = Debug|Any CPU
		{05D1B418-38D0-4806-8512-196089B5312B}.Release|Any CPU.ActiveCfg = Release|Any CPU
		{05D1B418-38D0-4806-8512-196089B5312B}.Release|Any CPU.Build.0 = Release|Any CPU
	EndGlobalSection
EndGlobal
